{
    "_meta": {
        "hash": {
            "sha256": "02007ab07b24adf4729dbd30bf56d5aaa70bca4177c45e5c122f64bd5a7e6ad4"
        },
        "pipfile-spec": 6,
        "requires": {
            "python_version": "3.12"
        },
        "sources": [
            {
                "name": "pypi",
                "url": "https://pypi.org/simple",
                "verify_ssl": true
            }
        ]
    },
    "default": {
        "anyio": {
            "hashes": [
                "sha256:5aadc6a1bbb7cdb0bede386cac5e2940f5e2ff3aa20277e991cf028e0585ce94",
                "sha256:c1b2d8f46a8a812513012e1107cb0e68c17159a7a594208005a57dc776e1bdc7"
            ],
            "index": "pypi",
            "markers": "python_version >= '3.8'",
            "version": "==4.4.0"
        },
        "apscheduler": {
            "hashes": [
                "sha256:e6df071b27d9be898e486bc7940a7be50b4af2e9da7c08f0744a96d4bd4cef4a",
                "sha256:fb91e8a768632a4756a585f79ec834e0e27aad5860bac7eaa523d9ccefd87661"
            ],
            "index": "pypi",
            "markers": "python_version >= '3.6'",
            "version": "==3.10.4"
        },
        "asgiref": {
            "hashes": [
                "sha256:3e1e3ecc849832fe52ccf2cb6686b7a55f82bb1d6aee72a58826471390335e47",
                "sha256:c343bd80a0bec947a9860adb4c432ffa7db769836c64238fc34bdc3fec84d590"
            ],
            "index": "pypi",
            "markers": "python_version >= '3.8'",
            "version": "==3.8.1"
        },
        "certifi": {
            "hashes": [
                "sha256:922820b53db7a7257ffbda3f597266d435245903d80737e34f8a45ff3e3230d8",
                "sha256:bec941d2aa8195e248a60b31ff9f0558284cf01a52591ceda73ea9afffd69fd9"
            ],
            "index": "pypi",
            "markers": "python_version >= '3.6'",
            "version": "==2024.8.30"
        },
        "django": {
            "hashes": [
                "sha256:021ffb7fdab3d2d388bc8c7c2434eb9c1f6f4d09e6119010bbb1694dda286bc2",
                "sha256:71603f27dac22a6533fb38d83072eea9ddb4017fead6f67f2562a40402d61c3f"
            ],
            "index": "pypi",
            "markers": "python_version >= '3.10'",
            "version": "==5.1.1"
        },
        "djangorestframework": {
            "hashes": [
                "sha256:2b8871b062ba1aefc2de01f773875441a961fefbf79f5eed1e32b2f096944b20",
                "sha256:36fe88cd2d6c6bec23dca9804bab2ba5517a8bb9d8f47ebc68981b56840107ad"
            ],
            "index": "pypi",
            "markers": "python_version >= '3.8'",
            "version": "==3.15.2"
        },
        "h11": {
            "hashes": [
                "sha256:8f19fbbe99e72420ff35c00b27a34cb9937e902a8b810e2c88300c6f0a3b699d",
                "sha256:e3fe4ac4b851c468cc8363d500db52c2ead036020723024a109d37346efaa761"
            ],
            "index": "pypi",
            "markers": "python_version >= '3.7'",
            "version": "==0.14.0"
        },
        "httpcore": {
            "hashes": [
                "sha256:34a38e2f9291467ee3b44e89dd52615370e152954ba21721378a87b2960f7a61",
                "sha256:421f18bac248b25d310f3cacd198d55b8e6125c107797b609ff9b7a6ba7991b5"
            ],
            "index": "pypi",
            "markers": "python_version >= '3.8'",
            "version": "==1.0.5"
        },
        "httpx": {
            "hashes": [
                "sha256:7bb2708e112d8fdd7829cd4243970f0c223274051cb35ee80c03301ee29a3df0",
                "sha256:f7c2be1d2f3c3c3160d441802406b206c2b76f5947b11115e6df10c6c65e66c2"
            ],
            "index": "pypi",
            "markers": "python_version >= '3.8'",
            "version": "==0.27.2"
        },
        "idna": {
            "hashes": [
                "sha256:050b4e5baadcd44d760cedbd2b8e639f2ff89bbc7a5730fcc662954303377aac",
                "sha256:d838c2c0ed6fced7693d5e8ab8e734d5f8fda53a039c0164afb0b82e771e3603"
            ],
            "index": "pypi",
            "markers": "python_version >= '3.6'",
            "version": "==3.8"
        },
        "numpy": {
            "hashes": [
                "sha256:046356b19d7ad1890c751b99acad5e82dc4a02232013bd9a9a712fddf8eb60f5",
                "sha256:0b8cc2715a84b7c3b161f9ebbd942740aaed913584cae9cdc7f8ad5ad41943d0",
                "sha256:0d07841fd284718feffe7dd17a63a2e6c78679b2d386d3e82f44f0108c905550",
                "sha256:13cc11c00000848702322af4de0147ced365c81d66053a67c2e962a485b3717c",
                "sha256:13ce49a34c44b6de5241f0b38b07e44c1b2dcacd9e36c30f9c2fcb1bb5135db7",
                "sha256:24c2ad697bd8593887b019817ddd9974a7f429c14a5469d7fad413f28340a6d2",
                "sha256:251105b7c42abe40e3a689881e1793370cc9724ad50d64b30b358bbb3a97553b",
                "sha256:2ca4b53e1e0b279142113b8c5eb7d7a877e967c306edc34f3b58e9be12fda8df",
                "sha256:3269c9eb8745e8d975980b3a7411a98976824e1fdef11f0aacf76147f662b15f",
                "sha256:397bc5ce62d3fb73f304bec332171535c187e0643e176a6e9421a6e3eacef06d",
                "sha256:3fc5eabfc720db95d68e6646e88f8b399bfedd235994016351b1d9e062c4b270",
                "sha256:50a95ca3560a6058d6ea91d4629a83a897ee27c00630aed9d933dff191f170cd",
                "sha256:52ac2e48f5ad847cd43c4755520a2317f3380213493b9d8a4c5e37f3b87df504",
                "sha256:53e27293b3a2b661c03f79aa51c3987492bd4641ef933e366e0f9f6c9bf257ec",
                "sha256:57eb525e7c2a8fdee02d731f647146ff54ea8c973364f3b850069ffb42799647",
                "sha256:5889dd24f03ca5a5b1e8a90a33b5a0846d8977565e4ae003a63d22ecddf6782f",
                "sha256:59ca673ad11d4b84ceb385290ed0ebe60266e356641428c845b39cd9df6713ab",
                "sha256:6435c48250c12f001920f0751fe50c0348f5f240852cfddc5e2f97e007544cbe",
                "sha256:6e5a9cb2be39350ae6c8f79410744e80154df658d5bea06e06e0ac5bb75480d5",
                "sha256:7be6a07520b88214ea85d8ac8b7d6d8a1839b0b5cb87412ac9f49fa934eb15d5",
                "sha256:7c803b7934a7f59563db459292e6aa078bb38b7ab1446ca38dd138646a38203e",
                "sha256:7dd86dfaf7c900c0bbdcb8b16e2f6ddf1eb1fe39c6c8cca6e94844ed3152a8fd",
                "sha256:8661c94e3aad18e1ea17a11f60f843a4933ccaf1a25a7c6a9182af70610b2313",
                "sha256:8ae0fd135e0b157365ac7cc31fff27f07a5572bdfc38f9c2d43b2aff416cc8b0",
                "sha256:910b47a6d0635ec1bd53b88f86120a52bf56dcc27b51f18c7b4a2e2224c29f0f",
                "sha256:913cc1d311060b1d409e609947fa1b9753701dac96e6581b58afc36b7ee35af6",
                "sha256:920b0911bb2e4414c50e55bd658baeb78281a47feeb064ab40c2b66ecba85553",
                "sha256:950802d17a33c07cba7fd7c3dcfa7d64705509206be1606f196d179e539111ed",
                "sha256:981707f6b31b59c0c24bcda52e5605f9701cb46da4b86c2e8023656ad3e833cb",
                "sha256:98ce7fb5b8063cfdd86596b9c762bf2b5e35a2cdd7e967494ab78a1fa7f8b86e",
                "sha256:99f4a9ee60eed1385a86e82288971a51e71df052ed0b2900ed30bc840c0f2e39",
                "sha256:9a8e06c7a980869ea67bbf551283bbed2856915f0a792dc32dd0f9dd2fb56728",
                "sha256:ae8ce252404cdd4de56dcfce8b11eac3c594a9c16c231d081fb705cf23bd4d9e",
                "sha256:afd9c680df4de71cd58582b51e88a61feed4abcc7530bcd3d48483f20fc76f2a",
                "sha256:b49742cdb85f1f81e4dc1b39dcf328244f4d8d1ded95dea725b316bd2cf18c95",
                "sha256:b5613cfeb1adfe791e8e681128f5f49f22f3fcaa942255a6124d58ca59d9528f",
                "sha256:bab7c09454460a487e631ffc0c42057e3d8f2a9ddccd1e60c7bb8ed774992480",
                "sha256:c8a0e34993b510fc19b9a2ce7f31cb8e94ecf6e924a40c0c9dd4f62d0aac47d9",
                "sha256:caf5d284ddea7462c32b8d4a6b8af030b6c9fd5332afb70e7414d7fdded4bfd0",
                "sha256:cea427d1350f3fd0d2818ce7350095c1a2ee33e30961d2f0fef48576ddbbe90f",
                "sha256:d0cf7d55b1051387807405b3898efafa862997b4cba8aa5dbe657be794afeafd",
                "sha256:d10c39947a2d351d6d466b4ae83dad4c37cd6c3cdd6d5d0fa797da56f710a6ae",
                "sha256:d2b9cd92c8f8e7b313b80e93cedc12c0112088541dcedd9197b5dee3738c1201",
                "sha256:d4c57b68c8ef5e1ebf47238e99bf27657511ec3f071c465f6b1bccbef12d4136",
                "sha256:d51fc141ddbe3f919e91a096ec739f49d686df8af254b2053ba21a910ae518bf",
                "sha256:e097507396c0be4e547ff15b13dc3866f45f3680f789c1a1301b07dadd3fbc78",
                "sha256:e30356d530528a42eeba51420ae8bf6c6c09559051887196599d96ee5f536468",
                "sha256:e8d5f8a8e3bc87334f025194c6193e408903d21ebaeb10952264943a985066ca",
                "sha256:e8dfa9e94fc127c40979c3eacbae1e61fda4fe71d84869cc129e2721973231ef",
                "sha256:f212d4f46b67ff604d11fff7cc62d36b3e8714edf68e44e9760e19be38c03eb0",
                "sha256:f7506387e191fe8cdb267f912469a3cccc538ab108471291636a96a54e599556",
                "sha256:fac6e277a41163d27dfab5f4ec1f7a83fac94e170665a4a50191b545721c6521",
                "sha256:fcd8f556cdc8cfe35e70efb92463082b7f43dd7e547eb071ffc36abc0ca4699b"
            ],
            "index": "pypi",
            "markers": "python_version >= '3.10'",
            "version": "==2.1.1"
        },
        "pandas": {
            "hashes": [
                "sha256:062309c1b9ea12a50e8ce661145c6aab431b1e99530d3cd60640e255778bd43a",
                "sha256:15c0e1e02e93116177d29ff83e8b1619c93ddc9c49083f237d4312337a61165d",
                "sha256:1948ddde24197a0f7add2bdc4ca83bf2b1ef84a1bc8ccffd95eda17fd836ecb5",
                "sha256:1db71525a1538b30142094edb9adc10be3f3e176748cd7acc2240c2f2e5aa3a4",
                "sha256:22a9d949bfc9a502d320aa04e5d02feab689d61da4e7764b62c30b991c42c5f0",
                "sha256:29401dbfa9ad77319367d36940cd8a0b3a11aba16063e39632d98b0e931ddf32",
                "sha256:31d0ced62d4ea3e231a9f228366919a5ea0b07440d9d4dac345376fd8e1477ea",
                "sha256:3508d914817e153ad359d7e069d752cdd736a247c322d932eb89e6bc84217f28",
                "sha256:37e0aced3e8f539eccf2e099f65cdb9c8aa85109b0be6e93e2baff94264bdc6f",
                "sha256:381175499d3802cde0eabbaf6324cce0c4f5d52ca6f8c377c29ad442f50f6348",
                "sha256:38cf8125c40dae9d5acc10fa66af8ea6fdf760b2714ee482ca691fc66e6fcb18",
                "sha256:3b71f27954685ee685317063bf13c7709a7ba74fc996b84fc6821c59b0f06468",
                "sha256:3fc6873a41186404dad67245896a6e440baacc92f5b716ccd1bc9ed2995ab2c5",
                "sha256:4850ba03528b6dd51d6c5d273c46f183f39a9baf3f0143e566b89450965b105e",
                "sha256:4f18ba62b61d7e192368b84517265a99b4d7ee8912f8708660fb4a366cc82667",
                "sha256:56534ce0746a58afaf7942ba4863e0ef81c9c50d3f0ae93e9497d6a41a057645",
                "sha256:59ef3764d0fe818125a5097d2ae867ca3fa64df032331b7e0917cf5d7bf66b13",
                "sha256:5dbca4c1acd72e8eeef4753eeca07de9b1db4f398669d5994086f788a5d7cc30",
                "sha256:5de54125a92bb4d1c051c0659e6fcb75256bf799a732a87184e5ea503965bce3",
                "sha256:61c5ad4043f791b61dd4752191d9f07f0ae412515d59ba8f005832a532f8736d",
                "sha256:6374c452ff3ec675a8f46fd9ab25c4ad0ba590b71cf0656f8b6daa5202bca3fb",
                "sha256:63cc132e40a2e084cf01adf0775b15ac515ba905d7dcca47e9a251819c575ef3",
                "sha256:66108071e1b935240e74525006034333f98bcdb87ea116de573a6a0dccb6c039",
                "sha256:6dfcb5ee8d4d50c06a51c2fffa6cff6272098ad6540aed1a76d15fb9318194d8",
                "sha256:7c2875855b0ff77b2a64a0365e24455d9990730d6431b9e0ee18ad8acee13dbd",
                "sha256:7eee9e7cea6adf3e3d24e304ac6b8300646e2a5d1cd3a3c2abed9101b0846761",
                "sha256:800250ecdadb6d9c78eae4990da62743b857b470883fa27f652db8bdde7f6659",
                "sha256:86976a1c5b25ae3f8ccae3a5306e443569ee3c3faf444dfd0f41cda24667ad57",
                "sha256:8cd6d7cc958a3910f934ea8dbdf17b2364827bb4dafc38ce6eef6bb3d65ff09c",
                "sha256:99df71520d25fade9db7c1076ac94eb994f4d2673ef2aa2e86ee039b6746d20c",
                "sha256:a5a1595fe639f5988ba6a8e5bc9649af3baf26df3998a0abe56c02609392e0a4",
                "sha256:ad5b65698ab28ed8d7f18790a0dc58005c7629f227be9ecc1072aa74c0c1d43a",
                "sha256:b1d432e8d08679a40e2a6d8b2f9770a5c21793a6f9f47fdd52c5ce1948a5a8a9",
                "sha256:b8661b0238a69d7aafe156b7fa86c44b881387509653fdf857bebc5e4008ad42",
                "sha256:ba96630bc17c875161df3818780af30e43be9b166ce51c9a18c1feae342906c2",
                "sha256:bc6b93f9b966093cb0fd62ff1a7e4c09e6d546ad7c1de191767baffc57628f39",
                "sha256:c124333816c3a9b03fbeef3a9f230ba9a737e9e5bb4060aa2107a86cc0a497fc",
                "sha256:cd8d0c3be0515c12fed0bdbae072551c8b54b7192c7b1fda0ba56059a0179698",
                "sha256:d9c45366def9a3dd85a6454c0e7908f2b3b8e9c138f5dc38fed7ce720d8453ed",
                "sha256:f00d1345d84d8c86a63e476bb4955e46458b304b9575dcf71102b5c705320015",
                "sha256:f3a255b2c19987fbbe62a9dfd6cff7ff2aa9ccab3fc75218fd4b7530f01efa24",
                "sha256:fffb8ae78d8af97f849404f21411c95062db1496aeb3e56f146f0355c9989319"
            ],
            "index": "pypi",
            "markers": "python_version >= '3.9'",
            "version": "==2.2.3"
        },
        "pandas-ta": {
            "hashes": [
                "sha256:0fa35aec831d2815ea30b871688a8d20a76b288a7be2d26cc00c35cd8c09a993"
            ],
            "index": "pypi",
            "version": "==0.3.14b0"
        },
        "python-dateutil": {
            "hashes": [
                "sha256:37dd54208da7e1cd875388217d5e00ebd4179249f90fb72437e91a35459a0ad3",
                "sha256:a8b2bc7bffae282281c8140a97d3aa9c14da0b136dfe83f850eea9a5f7470427"
            ],
            "markers": "python_version >= '2.7' and python_version not in '3.0, 3.1, 3.2'",
            "version": "==2.9.0.post0"
        },
        "python-deriv-api": {
            "hashes": [
                "sha256:a07c8872487e19137fd602771ad310d3d924d67d4da906e8b0fd9437b824fce2",
                "sha256:f267dcdf062ecff408c5af2dfd5de27f6040b694db1261c182ff37a96107aad7"
            ],
            "index": "pypi",
            "markers": "python_full_version >= '3.9.6' and python_full_version != '3.9.7'",
            "version": "==0.1.6"
        },
        "python-dotenv": {
            "hashes": [
                "sha256:e324ee90a023d808f1959c46bcbc04446a10ced277783dc6ee09987c37ec10ca",
                "sha256:f7b63ef50f1b690dddf550d03497b66d609393b40b564ed0d674909a68ebf16a"
            ],
            "index": "pypi",
            "markers": "python_version >= '3.8'",
            "version": "==1.0.1"
        },
        "python-telegram-bot": {
            "hashes": [
                "sha256:1bbba653477ba164411622b717a0cfe1eb7843da016348e41df97f96c93f578e",
                "sha256:2d679173072cce8d6b49aac2e438d49dbfc01c1a4ef5658828c2a65951ee830b"
            ],
            "index": "pypi",
            "markers": "python_version >= '3.8'",
            "version": "==21.5"
        },
        "pytz": {
            "hashes": [
                "sha256:2a29735ea9c18baf14b448846bde5a48030ed267578472d8955cd0e7443a9812",
                "sha256:328171f4e3623139da4983451950b28e95ac706e13f3f2630a879749e7a8b319"
            ],
            "index": "pypi",
            "version": "==2024.1"
        },
        "reactivex": {
            "hashes": [
                "sha256:0004796c420bd9e68aad8e65627d85a8e13f293de76656165dffbcb3a0e3fb6a",
                "sha256:e912e6591022ab9176df8348a653fe8c8fa7a301f26f9931c9d8c78a650e04e8"
            ],
            "markers": "python_version >= '3.7' and python_version < '4.0'",
            "version": "==4.0.4"
        },
        "six": {
            "hashes": [
                "sha256:1e61c37477a1626458e36f7b1d82aa5c9b094fa4802892072e49de9c60c4c926",
                "sha256:8abb2f1d86890a2dfb989f9a77cfcfd3e47c2a354b01111771326f8aa26e0254"
            ],
            "markers": "python_version >= '2.7' and python_version not in '3.0, 3.1, 3.2'",
            "version": "==1.16.0"
        },
        "sniffio": {
            "hashes": [
                "sha256:2f6da418d1f1e0fddd844478f41680e794e6051915791a034ff65e5f100525a2",
                "sha256:f4324edc670a0f49750a81b895f35c3adb843cca46f0530f79fc1babb23789dc"
            ],
            "markers": "python_version >= '3.7'",
            "version": "==1.3.1"
        },
        "sqlparse": {
            "hashes": [
                "sha256:773dcbf9a5ab44a090f3441e2180efe2560220203dc2f8c0b0fa141e18b505e4",
                "sha256:bb6b4df465655ef332548e24f08e205afc81b9ab86cb1c45657a7ff173a3a00e"
            ],
            "markers": "python_version >= '3.8'",
            "version": "==0.5.1"
        },
        "typing-extensions": {
            "hashes": [
                "sha256:04e5ca0351e0f3f85c6853954072df659d0d13fac324d0072316b67d7794700d",
                "sha256:1a7ead55c7e559dd4dee8856e3a88b41225abfe1ce8df57b7c13915fe121ffb8"
            ],
            "markers": "python_version >= '3.8'",
            "version": "==4.12.2"
        },
        "tzdata": {
            "hashes": [
                "sha256:7d85cc416e9382e69095b7bdf4afd9e3880418a2413feec7069d533d6b4e31cc",
                "sha256:a48093786cdcde33cad18c2555e8532f34422074448fbc874186f0abd79565cd"
            ],
            "markers": "sys_platform == 'win32'",
            "version": "==2024.2"
        },
        "tzlocal": {
            "hashes": [
                "sha256:49816ef2fe65ea8ac19d19aa7a1ae0551c834303d5014c6d5a62e4cbda8047b8",
                "sha256:8d399205578f1a9342816409cc1e46a93ebd5755e39ea2d85334bea911bf0e6e"
            ],
            "markers": "python_version >= '3.8'",
            "version": "==5.2"
        },
        "websockets": {
            "hashes": [
                "sha256:07cdc0a5b2549bcfbadb585ad8471ebdc7bdf91e32e34ae3889001c1c106a6af",
                "sha256:210aad7fdd381c52e58777560860c7e6110b6174488ef1d4b681c08b68bf7f8c",
                "sha256:28dd20b938a57c3124028680dc1600c197294da5db4292c76a0b48efb3ed7f76",
                "sha256:2f94fa3ae454a63ea3a19f73b95deeebc9f02ba2d5617ca16f0bbdae375cda47",
                "sha256:31564a67c3e4005f27815634343df688b25705cccb22bc1db621c781ddc64c69",
                "sha256:347974105bbd4ea068106ec65e8e8ebd86f28c19e529d115d89bd8cc5cda3079",
                "sha256:379e03422178436af4f3abe0aa8f401aa77ae2487843738542a75faf44a31f0c",
                "sha256:3eda1cb7e9da1b22588cefff09f0951771d6ee9fa8dbe66f5ae04cc5f26b2b55",
                "sha256:51695d3b199cd03098ae5b42833006a0f43dc5418d3102972addc593a783bc02",
                "sha256:54c000abeaff6d8771a4e2cef40900919908ea7b6b6a30eae72752607c6db559",
                "sha256:5b936bf552e4f6357f5727579072ff1e1324717902127ffe60c92d29b67b7be3",
                "sha256:6075fd24df23133c1b078e08a9b04a3bc40b31a8def4ee0b9f2c8865acce913e",
                "sha256:661f641b44ed315556a2fa630239adfd77bd1b11cb0b9d96ed8ad90b0b1e4978",
                "sha256:6ea6b300a6bdd782e49922d690e11c3669828fe36fc2471408c58b93b5535a98",
                "sha256:6ed1d6f791eabfd9808afea1e068f5e59418e55721db8b7f3bfc39dc831c42ae",
                "sha256:7934e055fd5cd9dee60f11d16c8d79c4567315824bacb1246d0208a47eca9755",
                "sha256:7ab36e17af592eec5747c68ef2722a74c1a4a70f3772bc661079baf4ae30e40d",
                "sha256:7f6d96fdb0975044fdd7953b35d003b03f9e2bcf85f2d2cf86285ece53e9f991",
                "sha256:83e5ca0d5b743cde3d29fda74ccab37bdd0911f25bd4cdf09ff8b51b7b4f2fa1",
                "sha256:85506b3328a9e083cc0a0fb3ba27e33c8db78341b3eb12eb72e8afd166c36680",
                "sha256:8af75085b4bc0b5c40c4a3c0e113fa95e84c60f4ed6786cbb675aeb1ee128247",
                "sha256:8b1359aba0ff810d5830d5ab8e2c4a02bebf98a60aa0124fb29aa78cfdb8031f",
                "sha256:8fbd7d77f8aba46d43245e86dd91a8970eac4fb74c473f8e30e9c07581f852b2",
                "sha256:907e8247480f287aa9bbc9391bd6de23c906d48af54c8c421df84655eef66af7",
                "sha256:93d5ea0b5da8d66d868b32c614d2b52d14304444e39e13a59566d4acb8d6e2e4",
                "sha256:97bc9d41e69a7521a358f9b8e44871f6cdeb42af31815c17aed36372d4eec667",
                "sha256:994cdb1942a7a4c2e10098d9162948c9e7b235df755de91ca33f6e0481366fdb",
                "sha256:a141de3d5a92188234afa61653ed0bbd2dde46ad47b15c3042ffb89548e77094",
                "sha256:a1e15b230c3613e8ea82c9fc6941b2093e8eb939dd794c02754d33980ba81e36",
                "sha256:aad5e300ab32036eb3fdc350ad30877210e2f51bceaca83fb7fef4d2b6c72b79",
                "sha256:b529fdfa881b69fe563dbd98acce84f3e5a67df13de415e143ef053ff006d500",
                "sha256:b9c77f0d1436ea4b4dc089ed8335fa141e6a251a92f75f675056dac4ab47a71e",
                "sha256:bb621ec2dbbbe8df78a27dbd9dd7919f9b7d32a73fafcb4d9252fc4637343582",
                "sha256:c7250848ce69559756ad0086a37b82c986cd33c2d344ab87fea596c5ac6d9442",
                "sha256:c8d1d14aa0f600b5be363077b621b1b4d1eb3fbf90af83f9281cda668e6ff7fd",
                "sha256:d1655a6fc7aecd333b079d00fb3c8132d18988e47f19740c69303bf02e9883c6",
                "sha256:d6353ba89cfc657a3f5beabb3b69be226adbb5c6c7a66398e17809b0ce3c4731",
                "sha256:da4377904a3379f0c1b75a965fff23b28315bcd516d27f99a803720dfebd94d4",
                "sha256:e49ea4c1a9543d2bd8a747ff24411509c29e4bdcde05b5b0895e2120cb1a761d",
                "sha256:e4e08305bfd76ba8edab08dcc6496f40674f44eb9d5e23153efa0a35750337e8",
                "sha256:e6fa05a680e35d0fcc1470cb070b10e6fe247af54768f488ed93542e71339d6f",
                "sha256:e7e6f2d6fd48422071cc8a6f8542016f350b79cc782752de531577d35e9bd677",
                "sha256:e904c0381c014b914136c492c8fa711ca4cced4e9b3d110e5e7d436d0fc289e8",
                "sha256:ec2b0ab7edc8cd4b0eb428b38ed89079bdc20c6bdb5f889d353011038caac2f9",
                "sha256:ef5ce841e102278c1c2e98f043db99d6755b1c58bde475516aef3a008ed7f28e",
                "sha256:f351c7d7d92f67c0609329ab2735eee0426a03022771b00102816a72715bb00b",
                "sha256:fab7c640815812ed5f10fbee7abbf58788d602046b7bb3af9b1ac753a6d5e916",
                "sha256:fc06cc8073c8e87072138ba1e431300e2d408f054b27047d047b549455066ff4"
            ],
            "markers": "python_version >= '3.7'",
            "version": "==10.3"
        }
    },
    "develop": {}
}
